{
  "name": "demo",
  "version": "1.0.0",
  "lockfileVersion": 2,
  "requires": true,
  "packages": {
    "": {
      "name": "demo",
      "version": "1.0.0",
      "license": "ISC"
    },
    "../../../../../../../usr/local/lib/node_modules/demo-cli": {
      "version": "1.0.0",
      "extraneous": true,
      "license": "ISC",
      "dependencies": {
        "chalk": "^1.1.3",
        "commander": "^2.9.0"
      },
      "bin": {
        "demo-cli": "index.js"
      }
    },
    "../demo-cli-test": {
      "name": "democli",
      "version": "1.0.0",
      "extraneous": true,
      "license": "ISC",
      "bin": {
        "demo-cli": "bin/index.js"
      },
      "devDependencies": {
        "minimist": "^1.2.5",
        "webpack": "^5.65.0"
      }
    }
  }
}
